// !$*UTF8*$!
{
	archiveVersion = 1;
	classes = {
	};
	objectVersion = 46;
	objects = {

/* Begin PBXBuildFile section */
		098CEC6C191E8B70002D329E /* Foundation.framework in Frameworks */ = {isa = PBXBuildFile; fileRef = 098CEC6B191E8B70002D329E /* Foundation.framework */; };
		098CEC6E191E8B70002D329E /* CoreGraphics.framework in Frameworks */ = {isa = PBXBuildFile; fileRef = 098CEC6D191E8B70002D329E /* CoreGraphics.framework */; };
		098CEC70191E8B70002D329E /* UIKit.framework in Frameworks */ = {isa = PBXBuildFile; fileRef = 098CEC6F191E8B70002D329E /* UIKit.framework */; };
		098CEC76191E8B70002D329E /* InfoPlist.strings in Resources */ = {isa = PBXBuildFile; fileRef = 098CEC74191E8B70002D329E /* InfoPlist.strings */; };
		098CEC78191E8B70002D329E /* main.m in Sources */ = {isa = PBXBuildFile; fileRef = 098CEC77191E8B70002D329E /* main.m */; };
		098CEC7C191E8B70002D329E /* VWAppDelegate.m in Sources */ = {isa = PBXBuildFile; fileRef = 098CEC7B191E8B70002D329E /* VWAppDelegate.m */; };
		098CEC7F191E8B70002D329E /* Main.storyboard in Resources */ = {isa = PBXBuildFile; fileRef = 098CEC7D191E8B70002D329E /* Main.storyboard */; };
		098CEC82191E8B70002D329E /* VWViewController.m in Sources */ = {isa = PBXBuildFile; fileRef = 098CEC81191E8B70002D329E /* VWViewController.m */; };
		098CEC84191E8B70002D329E /* Images.xcassets in Resources */ = {isa = PBXBuildFile; fileRef = 098CEC83191E8B70002D329E /* Images.xcassets */; };
		098CEC8B191E8B71002D329E /* XCTest.framework in Frameworks */ = {isa = PBXBuildFile; fileRef = 098CEC8A191E8B71002D329E /* XCTest.framework */; };
		098CEC8C191E8B71002D329E /* Foundation.framework in Frameworks */ = {isa = PBXBuildFile; fileRef = 098CEC6B191E8B70002D329E /* Foundation.framework */; };
		098CEC8D191E8B71002D329E /* UIKit.framework in Frameworks */ = {isa = PBXBuildFile; fileRef = 098CEC6F191E8B70002D329E /* UIKit.framework */; };
		098CEC95191E8B71002D329E /* InfoPlist.strings in Resources */ = {isa = PBXBuildFile; fileRef = 098CEC93191E8B71002D329E /* InfoPlist.strings */; };
		098CEC97191E8B71002D329E /* UITableViewController_Challenge_SolutionTests.m in Sources */ = {isa = PBXBuildFile; fileRef = 098CEC96191E8B71002D329E /* UITableViewController_Challenge_SolutionTests.m */; };
/* End PBXBuildFile section */

/* Begin PBXContainerItemProxy section */
		098CEC8E191E8B71002D329E /* PBXContainerItemProxy */ = {
			isa = PBXContainerItemProxy;
			containerPortal = 098CEC60191E8B70002D329E /* Project object */;
			proxyType = 1;
			remoteGlobalIDString = 098CEC67191E8B70002D329E;
			remoteInfo = "UITableViewController Challenge Solution";
		};
/* End PBXContainerItemProxy section */

/* Begin PBXFileReference section */
		098CEC68191E8B70002D329E /* UITableViewController Challenge Solution.app */ = {isa = PBXFileReference; explicitFileType = wrapper.application; includeInIndex = 0; path = "UITableViewController Challenge Solution.app"; sourceTree = BUILT_PRODUCTS_DIR; };
		098CEC6B191E8B70002D329E /* Foundation.framework */ = {isa = PBXFileReference; lastKnownFileType = wrapper.framework; name = Foundation.framework; path = System/Library/Frameworks/Foundation.framework; sourceTree = SDKROOT; };
		098CEC6D191E8B70002D329E /* CoreGraphics.framework */ = {isa = PBXFileReference; lastKnownFileType = wrapper.framework; name = CoreGraphics.framework; path = System/Library/Frameworks/CoreGraphics.framework; sourceTree = SDKROOT; };
		098CEC6F191E8B70002D329E /* UIKit.framework */ = {isa = PBXFileReference; lastKnownFileType = wrapper.framework; name = UIKit.framework; path = System/Library/Frameworks/UIKit.framework; sourceTree = SDKROOT; };
		098CEC73191E8B70002D329E /* UITableViewController Challenge Solution-Info.plist */ = {isa = PBXFileReference; lastKnownFileType = text.plist.xml; path = "UITableViewController Challenge Solution-Info.plist"; sourceTree = "<group>"; };
		098CEC75191E8B70002D329E /* en */ = {isa = PBXFileReference; lastKnownFileType = text.plist.strings; name = en; path = en.lproj/InfoPlist.strings; sourceTree = "<group>"; };
		098CEC77191E8B70002D329E /* main.m */ = {isa = PBXFileReference; lastKnownFileType = sourcecode.c.objc; path = main.m; sourceTree = "<group>"; };
		098CEC79191E8B70002D329E /* UITableViewController Challenge Solution-Prefix.pch */ = {isa = PBXFileReference; lastKnownFileType = sourcecode.c.h; path = "UITableViewController Challenge Solution-Prefix.pch"; sourceTree = "<group>"; };
		098CEC7A191E8B70002D329E /* VWAppDelegate.h */ = {isa = PBXFileReference; lastKnownFileType = sourcecode.c.h; path = VWAppDelegate.h; sourceTree = "<group>"; };
		098CEC7B191E8B70002D329E /* VWAppDelegate.m */ = {isa = PBXFileReference; lastKnownFileType = sourcecode.c.objc; path = VWAppDelegate.m; sourceTree = "<group>"; };
		098CEC7E191E8B70002D329E /* Base */ = {isa = PBXFileReference; lastKnownFileType = file.storyboard; name = Base; path = Base.lproj/Main.storyboard; sourceTree = "<group>"; };
		098CEC80191E8B70002D329E /* VWViewController.h */ = {isa = PBXFileReference; lastKnownFileType = sourcecode.c.h; path = VWViewController.h; sourceTree = "<group>"; };
		098CEC81191E8B70002D329E /* VWViewController.m */ = {isa = PBXFileReference; lastKnownFileType = sourcecode.c.objc; path = VWViewController.m; sourceTree = "<group>"; };
		098CEC83191E8B70002D329E /* Images.xcassets */ = {isa = PBXFileReference; lastKnownFileType = folder.assetcatalog; path = Images.xcassets; sourceTree = "<group>"; };
		098CEC89191E8B71002D329E /* UITableViewController Challenge SolutionTests.xctest */ = {isa = PBXFileReference; explicitFileType = wrapper.cfbundle; includeInIndex = 0; path = "UITableViewController Challenge SolutionTests.xctest"; sourceTree = BUILT_PRODUCTS_DIR; };
		098CEC8A191E8B71002D329E /* XCTest.framework */ = {isa = PBXFileReference; lastKnownFileType = wrapper.framework; name = XCTest.framework; path = Library/Frameworks/XCTest.framework; sourceTree = DEVELOPER_DIR; };
		098CEC92191E8B71002D329E /* UITableViewController Challenge SolutionTests-Info.plist */ = {isa = PBXFileReference; lastKnownFileType = text.plist.xml; path = "UITableViewController Challenge SolutionTests-Info.plist"; sourceTree = "<group>"; };
		098CEC94191E8B71002D329E /* en */ = {isa = PBXFileReference; lastKnownFileType = text.plist.strings; name = en; path = en.lproj/InfoPlist.strings; sourceTree = "<group>"; };
		098CEC96191E8B71002D329E /* UITableViewController_Challenge_SolutionTests.m */ = {isa = PBXFileReference; lastKnownFileType = sourcecode.c.objc; path = UITableViewController_Challenge_SolutionTests.m; sourceTree = "<group>"; };
/* End PBXFileReference section */

/* Begin PBXFrameworksBuildPhase section */
		098CEC65191E8B70002D329E /* Frameworks */ = {
			isa = PBXFrameworksBuildPhase;
			buildActionMask = 2147483647;
			files = (
				098CEC6E191E8B70002D329E /* CoreGraphics.framework in Frameworks */,
				098CEC70191E8B70002D329E /* UIKit.framework in Frameworks */,
				098CEC6C191E8B70002D329E /* Foundation.framework in Frameworks */,
			);
			runOnlyForDeploymentPostprocessing = 0;
		};
		098CEC86191E8B71002D329E /* Frameworks */ = {
			isa = PBXFrameworksBuildPhase;
			buildActionMask = 2147483647;
			files = (
				098CEC8B191E8B71002D329E /* XCTest.framework in Frameworks */,
				098CEC8D191E8B71002D329E /* UIKit.framework in Frameworks */,
				098CEC8C191E8B71002D329E /* Foundation.framework in Frameworks */,
			);
			runOnlyForDeploymentPostprocessing = 0;
		};
/* End PBXFrameworksBuildPhase section */

/* Begin PBXGroup section */
		098CEC5F191E8B70002D329E = {
			isa = PBXGroup;
			children = (
				098CEC71191E8B70002D329E /* UITableViewController Challenge Solution */,
				098CEC90191E8B71002D329E /* UITableViewController Challenge SolutionTests */,
				098CEC6A191E8B70002D329E /* Frameworks */,
				098CEC69191E8B70002D329E /* Products */,
			);
			sourceTree = "<group>";
		};
		098CEC69191E8B70002D329E /* Products */ = {
			isa = PBXGroup;
			children = (
				098CEC68191E8B70002D329E /* UITableViewController Challenge Solution.app */,
				098CEC89191E8B71002D329E /* UITableViewController Challenge SolutionTests.xctest */,
			);
			name = Products;
			sourceTree = "<group>";
		};
		098CEC6A191E8B70002D329E /* Frameworks */ = {
			isa = PBXGroup;
			children = (
				098CEC6B191E8B70002D329E /* Foundation.framework */,
				098CEC6D191E8B70002D329E /* CoreGraphics.framework */,
				098CEC6F191E8B70002D329E /* UIKit.framework */,
				098CEC8A191E8B71002D329E /* XCTest.framework */,
			);
			name = Frameworks;
			sourceTree = "<group>";
		};
		098CEC71191E8B70002D329E /* UITableViewController Challenge Solution */ = {
			isa = PBXGroup;
			children = (
				098CEC7A191E8B70002D329E /* VWAppDelegate.h */,
				098CEC7B191E8B70002D329E /* VWAppDelegate.m */,
				098CEC7D191E8B70002D329E /* Main.storyboard */,
				098CEC80191E8B70002D329E /* VWViewController.h */,
				098CEC81191E8B70002D329E /* VWViewController.m */,
				098CEC83191E8B70002D329E /* Images.xcassets */,
				098CEC72191E8B70002D329E /* Supporting Files */,
			);
			path = "UITableViewController Challenge Solution";
			sourceTree = "<group>";
		};
		098CEC72191E8B70002D329E /* Supporting Files */ = {
			isa = PBXGroup;
			children = (
				098CEC73191E8B70002D329E /* UITableViewController Challenge Solution-Info.plist */,
				098CEC74191E8B70002D329E /* InfoPlist.strings */,
				098CEC77191E8B70002D329E /* main.m */,
				098CEC79191E8B70002D329E /* UITableViewController Challenge Solution-Prefix.pch */,
			);
			name = "Supporting Files";
			sourceTree = "<group>";
		};
		098CEC90191E8B71002D329E /* UITableViewController Challenge SolutionTests */ = {
			isa = PBXGroup;
			children = (
				098CEC96191E8B71002D329E /* UITableViewController_Challenge_SolutionTests.m */,
				098CEC91191E8B71002D329E /* Supporting Files */,
			);
			path = "UITableViewController Challenge SolutionTests";
			sourceTree = "<group>";
		};
		098CEC91191E8B71002D329E /* Supporting Files */ = {
			isa = PBXGroup;
			children = (
				098CEC92191E8B71002D329E /* UITableViewController Challenge SolutionTests-Info.plist */,
				098CEC93191E8B71002D329E /* InfoPlist.strings */,
			);
			name = "Supporting Files";
			sourceTree = "<group>";
		};
/* End PBXGroup section */

/* Begin PBXNativeTarget section */
		098CEC67191E8B70002D329E /* UITableViewController Challenge Solution */ = {
			isa = PBXNativeTarget;
			buildConfigurationList = 098CEC9A191E8B71002D329E /* Build configuration list for PBXNativeTarget "UITableViewController Challenge Solution" */;
			buildPhases = (
				098CEC64191E8B70002D329E /* Sources */,
				098CEC65191E8B70002D329E /* Frameworks */,
				098CEC66191E8B70002D329E /* Resources */,
			);
			buildRules = (
			);
			dependencies = (
			);
			name = "UITableViewController Challenge Solution";
			productName = "UITableViewController Challenge Solution";
			productReference = 098CEC68191E8B70002D329E /* UITableViewController Challenge Solution.app */;
			productType = "com.apple.product-type.application";
		};
		098CEC88191E8B71002D329E /* UITableViewController Challenge SolutionTests */ = {
			isa = PBXNativeTarget;
			buildConfigurationList = 098CEC9D191E8B71002D329E /* Build configuration list for PBXNativeTarget "UITableViewController Challenge SolutionTests" */;
			buildPhases = (
				098CEC85191E8B71002D329E /* Sources */,
				098CEC86191E8B71002D329E /* Frameworks */,
				098CEC87191E8B71002D329E /* Resources */,
			);
			buildRules = (
			);
			dependencies = (
				098CEC8F191E8B71002D329E /* PBXTargetDependency */,
			);
			name = "UITableViewController Challenge SolutionTests";
			productName = "UITableViewController Challenge SolutionTests";
			productReference = 098CEC89191E8B71002D329E /* UITableViewController Challenge SolutionTests.xctest */;
			productType = "com.apple.product-type.bundle.unit-test";
		};
/* End PBXNativeTarget section */

/* Begin PBXProject section */
		098CEC60191E8B70002D329E /* Project object */ = {
			isa = PBXProject;
			attributes = {
				CLASSPREFIX = VW;
				LastUpgradeCheck = 0510;
				ORGANIZATIONNAME = VW;
				TargetAttributes = {
					098CEC88191E8B71002D329E = {
						TestTargetID = 098CEC67191E8B70002D329E;
					};
				};
			};
			buildConfigurationList = 098CEC63191E8B70002D329E /* Build configuration list for PBXProject "UITableViewController Challenge Solution" */;
			compatibilityVersion = "Xcode 3.2";
			developmentRegion = English;
			hasScannedForEncodings = 0;
			knownRegions = (
				en,
				Base,
			);
			mainGroup = 098CEC5F191E8B70002D329E;
			productRefGroup = 098CEC69191E8B70002D329E /* Products */;
			projectDirPath = "";
			projectRoot = "";
			targets = (
				098CEC67191E8B70002D329E /* UITableViewController Challenge Solution */,
				098CEC88191E8B71002D329E /* UITableViewController Challenge SolutionTests */,
			);
		};
/* End PBXProject section */

/* Begin PBXResourcesBuildPhase section */
		098CEC66191E8B70002D329E /* Resources */ = {
			isa = PBXResourcesBuildPhase;
			buildActionMask = 2147483647;
			files = (
				098CEC84191E8B70002D329E /* Images.xcassets in Resources */,
				098CEC76191E8B70002D329E /* InfoPlist.strings in Resources */,
				098CEC7F191E8B70002D329E /* Main.storyboard in Resources */,
			);
			runOnlyForDeploymentPostprocessing = 0;
		};
		098CEC87191E8B71002D329E /* Resources */ = {
			isa = PBXResourcesBuildPhase;
			buildActionMask = 2147483647;
			files = (
				098CEC95191E8B71002D329E /* InfoPlist.strings in Resources */,
			);
			runOnlyForDeploymentPostprocessing = 0;
		};
/* End PBXResourcesBuildPhase section */

/* Begin PBXSourcesBuildPhase section */
		098CEC64191E8B70002D329E /* Sources */ = {
			isa = PBXSourcesBuildPhase;
			buildActionMask = 2147483647;
			files = (
				098CEC82191E8B70002D329E /* VWViewController.m in Sources */,
				098CEC78191E8B70002D329E /* main.m in Sources */,
				098CEC7C191E8B70002D329E /* VWAppDelegate.m in Sources */,
			);
			runOnlyForDeploymentPostprocessing = 0;
		};
		098CEC85191E8B71002D329E /* Sources */ = {
			isa = PBXSourcesBuildPhase;
			buildActionMask = 2147483647;
			files = (
				098CEC97191E8B71002D329E /* UITableViewController_Challenge_SolutionTests.m in Sources */,
			);
			runOnlyForDeploymentPostprocessing = 0;
		};
/* End PBXSourcesBuildPhase section */

/* Begin PBXTargetDependency section */
		098CEC8F191E8B71002D329E /* PBXTargetDependency */ = {
			isa = PBXTargetDependency;
			target = 098CEC67191E8B70002D329E /* UITableViewController Challenge Solution */;
			targetProxy = 098CEC8E191E8B71002D329E /* PBXContainerItemProxy */;
		};
/* End PBXTargetDependency section */

/* Begin PBXVariantGroup section */
		098CEC74191E8B70002D329E /* InfoPlist.strings */ = {
			isa = PBXVariantGroup;
			children = (
				098CEC75191E8B70002D329E /* en */,
			);
			name = InfoPlist.strings;
			sourceTree = "<group>";
		};
		098CEC7D191E8B70002D329E /* Main.storyboard */ = {
			isa = PBXVariantGroup;
			children = (
				098CEC7E191E8B70002D329E /* Base */,
			);
			name = Main.storyboard;
			sourceTree = "<group>";
		};
		098CEC93191E8B71002D329E /* InfoPlist.strings */ = {
			isa = PBXVariantGroup;
			children = (
				098CEC94191E8B71002D329E /* en */,
			);
			name = InfoPlist.strings;
			sourceTree = "<group>";
		};
/* End PBXVariantGroup section */

/* Begin XCBuildConfiguration section */
		098CEC98191E8B71002D329E /* Debug */ = {
			isa = XCBuildConfiguration;
			buildSettings = {
				ALWAYS_SEARCH_USER_PATHS = NO;
				CLANG_CXX_LANGUAGE_STANDARD = "gnu++0x";
				CLANG_CXX_LIBRARY = "libc++";
				CLANG_ENABLE_MODULES = YES;
				CLANG_ENABLE_OBJC_ARC = YES;
				CLANG_WARN_BOOL_CONVERSION = YES;
				CLANG_WARN_CONSTANT_CONVERSION = YES;
				CLANG_WARN_DIRECT_OBJC_ISA_USAGE = YES_ERROR;
				CLANG_WARN_EMPTY_BODY = YES;
				CLANG_WARN_ENUM_CONVERSION = YES;
				CLANG_WARN_INT_CONVERSION = YES;
				CLANG_WARN_OBJC_ROOT_CLASS = YES_ERROR;
				CLANG_WARN__DUPLICATE_METHOD_MATCH = YES;
				"CODE_SIGN_IDENTITY[sdk=iphoneos*]" = "iPhone Developer";
				COPY_PHASE_STRIP = NO;
				GCC_C_LANGUAGE_STANDARD = gnu99;
				GCC_DYNAMIC_NO_PIC = NO;
				GCC_OPTIMIZATION_LEVEL = 0;
				GCC_PREPROCESSOR_DEFINITIONS = (
					"DEBUG=1",
					"$(inherited)",
				);
				GCC_SYMBOLS_PRIVATE_EXTERN = NO;
				GCC_WARN_64_TO_32_BIT_CONVERSION = YES;
				GCC_WARN_ABOUT_RETURN_TYPE = YES_ERROR;
				GCC_WARN_UNDECLARED_SELECTOR = YES;
				GCC_WARN_UNINITIALIZED_AUTOS = YES_AGGRESSIVE;
				GCC_WARN_UNUSED_FUNCTION = YES;
				GCC_WARN_UNUSED_VARIABLE = YES;
				IPHONEOS_DEPLOYMENT_TARGET = 7.1;
				ONLY_ACTIVE_ARCH = YES;
				SDKROOT = iphoneos;
			};
			name = Debug;
		};
		098CEC99191E8B71002D329E /* Release */ = {
			isa = XCBuildConfiguration;
			buildSettings = {
				ALWAYS_SEARCH_USER_PATHS = NO;
				CLANG_CXX_LANGUAGE_STANDARD = "gnu++0x";
				CLANG_CXX_LIBRARY = "libc++";
				CLANG_ENABLE_MODULES = YES;
				CLANG_ENABLE_OBJC_ARC = YES;
				CLANG_WARN_BOOL_CONVERSION = YES;
				CLANG_WARN_CONSTANT_CONVERSION = YES;
				CLANG_WARN_DIRECT_OBJC_ISA_USAGE = YES_ERROR;
				CLANG_WARN_EMPTY_BODY = YES;
				CLANG_WARN_ENUM_CONVERSION = YES;
				CLANG_WARN_INT_CONVERSION = YES;
				CLANG_WARN_OBJC_ROOT_CLASS = YES_ERROR;
				CLANG_WARN__DUPLICATE_METHOD_MATCH = YES;
				"CODE_SIGN_IDENTITY[sdk=iphoneos*]" = "iPhone Developer";
				COPY_PHASE_STRIP = YES;
				ENABLE_NS_ASSERTIONS = NO;
				GCC_C_LANGUAGE_STANDARD = gnu99;
				GCC_WARN_64_TO_32_BIT_CONVERSION = YES;
				GCC_WARN_ABOUT_RETURN_TYPE = YES_ERROR;
				GCC_WARN_UNDECLARED_SELECTOR = YES;
				GCC_WARN_UNINITIALIZED_AUTOS = YES_AGGRESSIVE;
				GCC_WARN_UNUSED_FUNCTION = YES;
				GCC_WARN_UNUSED_VARIABLE = YES;
				IPHONEOS_DEPLOYMENT_TARGET = 7.1;
				SDKROOT = iphoneos;
				VALIDATE_PRODUCT = YES;
			};
			name = Release;
		};
		098CEC9B191E8B71002D329E /* Debug */ = {
			isa = XCBuildConfiguration;
			buildSettings = {
				ASSETCATALOG_COMPILER_APPICON_NAME = AppIcon;
				ASSETCATALOG_COMPILER_LAUNCHIMAGE_NAME = LaunchImage;
				GCC_PRECOMPILE_PREFIX_HEADER = YES;
				GCC_PREFIX_HEADER = "UITableViewController Challenge Solution/UITableViewController Challenge Solution-Prefix.pch";
				INFOPLIST_FILE = "UITableViewController Challenge Solution/UITableViewController Challenge Solution-Info.plist";
				PRODUCT_NAME = "$(TARGET_NAME)";
				WRAPPER_EXTENSION = app;
			};
			name = Debug;
		};
		098CEC9C191E8B71002D329E /* Release */ = {
			isa = XCBuildConfiguration;
			buildSettings = {
				ASSETCATALOG_COMPILER_APPICON_NAME = AppIcon;
				ASSETCATALOG_COMPILER_LAUNCHIMAGE_NAME = LaunchImage;
				GCC_PRECOMPILE_PREFIX_HEADER = YES;
				GCC_PREFIX_HEADER = "UITableViewController Challenge Solution/UITableViewController Challenge Solution-Prefix.pch";
				INFOPLIST_FILE = "UITableViewController Challenge Solution/UITableViewController Challenge Solution-Info.plist";
				PRODUCT_NAME = "$(TARGET_NAME)";
				WRAPPER_EXTENSION = app;
			};
			name = Release;
		};
		098CEC9E191E8B71002D329E /* Debug */ = {
			isa = XCBuildConfiguration;
			buildSettings = {
				BUNDLE_LOADER = "$(BUILT_PRODUCTS_DIR)/UITableViewController Challenge Solution.app/UITableViewController Challenge Solution";
				FRAMEWORK_SEARCH_PATHS = (
					"$(SDKROOT)/Developer/Library/Frameworks",
					"$(inherited)",
					"$(DEVELOPER_FRAMEWORKS_DIR)",
				);
				GCC_PRECOMPILE_PREFIX_HEADER = YES;
				GCC_PREFIX_HEADER = "UITableViewController Challenge Solution/UITableViewController Challenge Solution-Prefix.pch";
				GCC_PREPROCESSOR_DEFINITIONS = (
					"DEBUG=1",
					"$(inherited)",
				);
				INFOPLIST_FILE = "UITableViewController Challenge SolutionTests/UITableViewController Challenge SolutionTests-Info.plist";
				PRODUCT_NAME = "$(TARGET_NAME)";
				TEST_HOST = "$(BUNDLE_LOADER)";
				WRAPPER_EXTENSION = xctest;
			};
			name = Debug;
		};
		098CEC9F191E8B71002D329E /* Release */ = {
			isa = XCBuildConfiguration;
			buildSettings = {
				BUNDLE_LOADER = "$(BUILT_PRODUCTS_DIR)/UITableViewController Challenge Solution.app/UITableViewController Challenge Solution";
				FRAMEWORK_SEARCH_PATHS = (
					"$(SDKROOT)/Developer/Library/Frameworks",
					"$(inherited)",
					"$(DEVELOPER_FRAMEWORKS_DIR)",
				);
				GCC_PRECOMPILE_PREFIX_HEADER = YES;
				GCC_PREFIX_HEADER = "UITableViewController Challenge Solution/UITableViewController Challenge Solution-Prefix.pch";
				INFOPLIST_FILE = "UITableViewController Challenge SolutionTests/UITableViewController Challenge SolutionTests-Info.plist";
				PRODUCT_NAME = "$(TARGET_NAME)";
				TEST_HOST = "$(BUNDLE_LOADER)";
				WRAPPER_EXTENSION = xctest;
			};
			name = Release;
		};
/* End XCBuildConfiguration section */

/* Begin XCConfigurationList section */
		098CEC63191E8B70002D329E /* Build configuration list for PBXProject "UITableViewController Challenge Solution" */ = {
			isa = XCConfigurationList;
			buildConfigurations = (
				098CEC98191E8B71002D329E /* Debug */,
				098CEC99191E8B71002D329E /* Release */,
			);
			defaultConfigurationIsVisible = 0;
			defaultConfigurationName = Release;
		};
		098CEC9A191E8B71002D329E /* Build configuration list for PBXNativeTarget "UITableViewController Challenge Solution" */ = {
			isa = XCConfigurationList;
			buildConfigurations = (
				098CEC9B191E8B71002D329E /* Debug */,
				098CEC9C191E8B71002D329E /* Release */,
			);
			defaultConfigurationIsVisible = 0;
		};
		098CEC9D191E8B71002D329E /* Build configuration list for PBXNativeTarget "UITableViewController Challenge SolutionTests" */ = {
			isa = XCConfigurationList;
			buildConfigurations = (
				098CEC9E191E8B71002D329E /* Debug */,
				098CEC9F191E8B71002D329E /* Release */,
			);
			defaultConfigurationIsVisible = 0;
		};
/* End XCConfigurationList section */
	};
	rootObject = 098CEC60191E8B70002D329E /* Project object */;
}
